// !$*UTF8*$!
{
	archiveVersion = 1;
	classes = {
	};
	objectVersion = 48;
	objects = {

/* Begin PBXBuildFile section */
		DE801ECF1FCED8B3008FBB98 /* AppDelegate.swift in Sources */ = {isa = PBXBuildFile; fileRef = DE801ECE1FCED8B3008FBB98 /* AppDelegate.swift */; };
		DE801ED41FCED8B3008FBB98 /* Main.storyboard in Resources */ = {isa = PBXBuildFile; fileRef = DE801ED21FCED8B3008FBB98 /* Main.storyboard */; };
		DE801ED61FCED8B3008FBB98 /* Assets.xcassets in Resources */ = {isa = PBXBuildFile; fileRef = DE801ED51FCED8B3008FBB98 /* Assets.xcassets */; };
		DE801ED91FCED8B3008FBB98 /* LaunchScreen.storyboard in Resources */ = {isa = PBXBuildFile; fileRef = DE801ED71FCED8B3008FBB98 /* LaunchScreen.storyboard */; };
		DE801EE11FCEECFA008FBB98 /* Course.swift in Sources */ = {isa = PBXBuildFile; fileRef = DE801EE01FCEECFA008FBB98 /* Course.swift */; };
		DE801EE31FCEEF39008FBB98 /* CourseStore.swift in Sources */ = {isa = PBXBuildFile; fileRef = DE801EE21FCEEF39008FBB98 /* CourseStore.swift */; };
		DE801EE51FCEF560008FBB98 /* CoursesViewController.swift in Sources */ = {isa = PBXBuildFile; fileRef = DE801EE41FCEF560008FBB98 /* CoursesViewController.swift */; };
/* End PBXBuildFile section */

/* Begin PBXFileReference section */
		DE801ECB1FCED8B3008FBB98 /* Course Finder.app */ = {isa = PBXFileReference; explicitFileType = wrapper.application; includeInIndex = 0; path = "Course Finder.app"; sourceTree = BUILT_PRODUCTS_DIR; };
		DE801ECE1FCED8B3008FBB98 /* AppDelegate.swift */ = {isa = PBXFileReference; lastKnownFileType = sourcecode.swift; path = AppDelegate.swift; sourceTree = "<group>"; };
		DE801ED31FCED8B3008FBB98 /* Base */ = {isa = PBXFileReference; lastKnownFileType = file.storyboard; name = Base; path = Base.lproj/Main.storyboard; sourceTree = "<group>"; };
		DE801ED51FCED8B3008FBB98 /* Assets.xcassets */ = {isa = PBXFileReference; lastKnownFileType = folder.assetcatalog; path = Assets.xcassets; sourceTree = "<group>"; };
		DE801ED81FCED8B3008FBB98 /* Base */ = {isa = PBXFileReference; lastKnownFileType = file.storyboard; name = Base; path = Base.lproj/LaunchScreen.storyboard; sourceTree = "<group>"; };
		DE801EDA1FCED8B3008FBB98 /* Info.plist */ = {isa = PBXFileReference; lastKnownFileType = text.plist.xml; path = Info.plist; sourceTree = "<group>"; };
		DE801EE01FCEECFA008FBB98 /* Course.swift */ = {isa = PBXFileReference; lastKnownFileType = sourcecode.swift; path = Course.swift; sourceTree = "<group>"; };
		DE801EE21FCEEF39008FBB98 /* CourseStore.swift */ = {isa = PBXFileReference; lastKnownFileType = sourcecode.swift; path = CourseStore.swift; sourceTree = "<group>"; };
		DE801EE41FCEF560008FBB98 /* CoursesViewController.swift */ = {isa = PBXFileReference; lastKnownFileType = sourcecode.swift; path = CoursesViewController.swift; sourceTree = "<group>"; };
/* End PBXFileReference section */

/* Begin PBXFrameworksBuildPhase section */
		DE801EC81FCED8B3008FBB98 /* Frameworks */ = {
			isa = PBXFrameworksBuildPhase;
			buildActionMask = 2147483647;
			files = (
			);
			runOnlyForDeploymentPostprocessing = 0;
		};
/* End PBXFrameworksBuildPhase section */

/* Begin PBXGroup section */
		DE801EC21FCED8B3008FBB98 = {
			isa = PBXGroup;
			children = (
				DE801ECD1FCED8B3008FBB98 /* Course Finder */,
				DE801ECC1FCED8B3008FBB98 /* Products */,
			);
			sourceTree = "<group>";
		};
		DE801ECC1FCED8B3008FBB98 /* Products */ = {
			isa = PBXGroup;
			children = (
				DE801ECB1FCED8B3008FBB98 /* Course Finder.app */,
			);
			name = Products;
			sourceTree = "<group>";
		};
		DE801ECD1FCED8B3008FBB98 /* Course Finder */ = {
			isa = PBXGroup;
			children = (
				DE801ECE1FCED8B3008FBB98 /* AppDelegate.swift */,
				DE801EE61FCEF5D9008FBB98 /* view */,
				DE801ED51FCED8B3008FBB98 /* Assets.xcassets */,
				DE801ED71FCED8B3008FBB98 /* LaunchScreen.storyboard */,
				DE801EDA1FCED8B3008FBB98 /* Info.plist */,
				DE801EE71FCEF5F8008FBB98 /* model */,
				DE801EE81FCEF607008FBB98 /* controller */,
			);
			path = "Course Finder";
			sourceTree = "<group>";
		};
		DE801EE61FCEF5D9008FBB98 /* view */ = {
			isa = PBXGroup;
			children = (
				DE801ED21FCED8B3008FBB98 /* Main.storyboard */,
			);
			path = view;
			sourceTree = "<group>";
		};
		DE801EE71FCEF5F8008FBB98 /* model */ = {
			isa = PBXGroup;
			children = (
				DE801EE01FCEECFA008FBB98 /* Course.swift */,
				DE801EE21FCEEF39008FBB98 /* CourseStore.swift */,
			);
			path = model;
			sourceTree = "<group>";
		};
		DE801EE81FCEF607008FBB98 /* controller */ = {
			isa = PBXGroup;
			children = (
				DE801EE41FCEF560008FBB98 /* CoursesViewController.swift */,
			);
			path = controller;
			sourceTree = "<group>";
		};
/* End PBXGroup section */

/* Begin PBXNativeTarget section */
		DE801ECA1FCED8B3008FBB98 /* Course Finder */ = {
			isa = PBXNativeTarget;
			buildConfigurationList = DE801EDD1FCED8B3008FBB98 /* Build configuration list for PBXNativeTarget "Course Finder" */;
			buildPhases = (
				DE801EC71FCED8B3008FBB98 /* Sources */,
				DE801EC81FCED8B3008FBB98 /* Frameworks */,
				DE801EC91FCED8B3008FBB98 /* Resources */,
			);
			buildRules = (
			);
			dependencies = (
			);
			name = "Course Finder";
			productName = "Course Finder";
			productReference = DE801ECB1FCED8B3008FBB98 /* Course Finder.app */;
			productType = "com.apple.product-type.application";
		};
/* End PBXNativeTarget section */

/* Begin PBXProject section */
		DE801EC31FCED8B3008FBB98 /* Project object */ = {
			isa = PBXProject;
			attributes = {
				LastSwiftUpdateCheck = 0910;
				LastUpgradeCheck = 0910;
				ORGANIZATIONNAME = Bespokino;
				TargetAttributes = {
					DE801ECA1FCED8B3008FBB98 = {
						CreatedOnToolsVersion = 9.1;
						ProvisioningStyle = Automatic;
					};
				};
			};
			buildConfigurationList = DE801EC61FCED8B3008FBB98 /* Build configuration list for PBXProject "Course Finder" */;
			compatibilityVersion = "Xcode 8.0";
			developmentRegion = en;
			hasScannedForEncodings = 0;
			knownRegions = (
				en,
				Base,
			);
			mainGroup = DE801EC21FCED8B3008FBB98;
			productRefGroup = DE801ECC1FCED8B3008FBB98 /* Products */;
			projectDirPath = "";
			projectRoot = "";
			targets = (
				DE801ECA1FCED8B3008FBB98 /* Course Finder */,
			);
		};
/* End PBXProject section */

/* Begin PBXResourcesBuildPhase section */
		DE801EC91FCED8B3008FBB98 /* Resources */ = {
			isa = PBXResourcesBuildPhase;
			buildActionMask = 2147483647;
			files = (
				DE801ED91FCED8B3008FBB98 /* LaunchScreen.storyboard in Resources */,
				DE801ED61FCED8B3008FBB98 /* Assets.xcassets in Resources */,
				DE801ED41FCED8B3008FBB98 /* Main.storyboard in Resources */,
			);
			runOnlyForDeploymentPostprocessing = 0;
		};
/* End PBXResourcesBuildPhase section */

/* Begin PBXSourcesBuildPhase section */
		DE801EC71FCED8B3008FBB98 /* Sources */ = {
			isa = PBXSourcesBuildPhase;
			buildActionMask = 2147483647;
			files = (
				DE801EE11FCEECFA008FBB98 /* Course.swift in Sources */,
				DE801EE31FCEEF39008FBB98 /* CourseStore.swift in Sources */,
				DE801ECF1FCED8B3008FBB98 /* AppDelegate.swift in Sources */,
				DE801EE51FCEF560008FBB98 /* CoursesViewController.swift in Sources */,
			);
			runOnlyForDeploymentPostprocessing = 0;
		};
/* End PBXSourcesBuildPhase section */

/* Begin PBXVariantGroup section */
		DE801ED21FCED8B3008FBB98 /* Main.storyboard */ = {
			isa = PBXVariantGroup;
			children = (
				DE801ED31FCED8B3008FBB98 /* Base */,
			);
			name = Main.storyboard;
			sourceTree = "<group>";
		};
		DE801ED71FCED8B3008FBB98 /* LaunchScreen.storyboard */ = {
			isa = PBXVariantGroup;
			children = (
				DE801ED81FCED8B3008FBB98 /* Base */,
			);
			name = LaunchScreen.storyboard;
			sourceTree = "<group>";
		};
/* End PBXVariantGroup section */

/* Begin XCBuildConfiguration section */
		DE801EDB1FCED8B3008FBB98 /* Debug */ = {
			isa = XCBuildConfiguration;
			buildSettings = {
				ALWAYS_SEARCH_USER_PATHS = NO;
				CLANG_ANALYZER_NONNULL = YES;
				CLANG_ANALYZER_NUMBER_OBJECT_CONVERSION = YES_AGGRESSIVE;
				CLANG_CXX_LANGUAGE_STANDARD = "gnu++14";
				CLANG_CXX_LIBRARY = "libc++";
				CLANG_ENABLE_MODULES = YES;
				CLANG_ENABLE_OBJC_ARC = YES;
				CLANG_WARN_BLOCK_CAPTURE_AUTORELEASING = YES;
				CLANG_WARN_BOOL_CONVERSION = YES;
				CLANG_WARN_COMMA = YES;
				CLANG_WARN_CONSTANT_CONVERSION = YES;
				CLANG_WARN_DIRECT_OBJC_ISA_USAGE = YES_ERROR;
				CLANG_WARN_DOCUMENTATION_COMMENTS = YES;
				CLANG_WARN_EMPTY_BODY = YES;
				CLANG_WARN_ENUM_CONVERSION = YES;
				CLANG_WARN_INFINITE_RECURSION = YES;
				CLANG_WARN_INT_CONVERSION = YES;
				CLANG_WARN_NON_LITERAL_NULL_CONVERSION = YES;
				CLANG_WARN_OBJC_LITERAL_CONVERSION = YES;
				CLANG_WARN_OBJC_ROOT_CLASS = YES_ERROR;
				CLANG_WARN_RANGE_LOOP_ANALYSIS = YES;
				CLANG_WARN_STRICT_PROTOTYPES = YES;
				CLANG_WARN_SUSPICIOUS_MOVE = YES;
				CLANG_WARN_UNGUARDED_AVAILABILITY = YES_AGGRESSIVE;
				CLANG_WARN_UNREACHABLE_CODE = YES;
				CLANG_WARN__DUPLICATE_METHOD_MATCH = YES;
				CODE_SIGN_IDENTITY = "iPhone Developer";
				COPY_PHASE_STRIP = NO;
				DEBUG_INFORMATION_FORMAT = dwarf;
				ENABLE_STRICT_OBJC_MSGSEND = YES;
				ENABLE_TESTABILITY = YES;
				GCC_C_LANGUAGE_STANDARD = gnu11;
				GCC_DYNAMIC_NO_PIC = NO;
				GCC_NO_COMMON_BLOCKS = YES;
				GCC_OPTIMIZATION_LEVEL = 0;
				GCC_PREPROCESSOR_DEFINITIONS = (
					"DEBUG=1",
					"$(inherited)",
				);
				GCC_WARN_64_TO_32_BIT_CONVERSION = YES;
				GCC_WARN_ABOUT_RETURN_TYPE = YES_ERROR;
				GCC_WARN_UNDECLARED_SELECTOR = YES;
				GCC_WARN_UNINITIALIZED_AUTOS = YES_AGGRESSIVE;
				GCC_WARN_UNUSED_FUNCTION = YES;
				GCC_WARN_UNUSED_VARIABLE = YES;
				IPHONEOS_DEPLOYMENT_TARGET = 11.1;
				MTL_ENABLE_DEBUG_INFO = YES;
				ONLY_ACTIVE_ARCH = YES;
				SDKROOT = iphoneos;
				SWIFT_ACTIVE_COMPILATION_CONDITIONS = DEBUG;
				SWIFT_OPTIMIZATION_LEVEL = "-Onone";
			};
			name = Debug;
		};
		DE801EDC1FCED8B3008FBB98 /* Release */ = {
			isa = XCBuildConfiguration;
			buildSettings = {
				ALWAYS_SEARCH_USER_PATHS = NO;
				CLANG_ANALYZER_NONNULL = YES;
				CLANG_ANALYZER_NUMBER_OBJECT_CONVERSION = YES_AGGRESSIVE;
				CLANG_CXX_LANGUAGE_STANDARD = "gnu++14";
				CLANG_CXX_LIBRARY = "libc++";
				CLANG_ENABLE_MODULES = YES;
				CLANG_ENABLE_OBJC_ARC = YES;
				CLANG_WARN_BLOCK_CAPTURE_AUTORELEASING = YES;
				CLANG_WARN_BOOL_CONVERSION = YES;
				CLANG_WARN_COMMA = YES;
				CLANG_WARN_CONSTANT_CONVERSION = YES;
				CLANG_WARN_DIRECT_OBJC_ISA_USAGE = YES_ERROR;
				CLANG_WARN_DOCUMENTATION_COMMENTS = YES;
				CLANG_WARN_EMPTY_BODY = YES;
				CLANG_WARN_ENUM_CONVERSION = YES;
				CLANG_WARN_INFINITE_RECURSION = YES;
				CLANG_WARN_INT_CONVERSION = YES;
				CLANG_WARN_NON_LITERAL_NULL_CONVERSION = YES;
				CLANG_WARN_OBJC_LITERAL_CONVERSION = YES;
				CLANG_WARN_OBJC_ROOT_CLASS = YES_ERROR;
				CLANG_WARN_RANGE_LOOP_ANALYSIS = YES;
				CLANG_WARN_STRICT_PROTOTYPES = YES;
				CLANG_WARN_SUSPICIOUS_MOVE = YES;
				CLANG_WARN_UNGUARDED_AVAILABILITY = YES_AGGRESSIVE;
				CLANG_WARN_UNREACHABLE_CODE = YES;
				CLANG_WARN__DUPLICATE_METHOD_MATCH = YES;
				CODE_SIGN_IDENTITY = "iPhone Developer";
				COPY_PHASE_STRIP = NO;
				DEBUG_INFORMATION_FORMAT = "dwarf-with-dsym";
				ENABLE_NS_ASSERTIONS = NO;
				ENABLE_STRICT_OBJC_MSGSEND = YES;
				GCC_C_LANGUAGE_STANDARD = gnu11;
				GCC_NO_COMMON_BLOCKS = YES;
				GCC_WARN_64_TO_32_BIT_CONVERSION = YES;
				GCC_WARN_ABOUT_RETURN_TYPE = YES_ERROR;
				GCC_WARN_UNDECLARED_SELECTOR = YES;
				GCC_WARN_UNINITIALIZED_AUTOS = YES_AGGRESSIVE;
				GCC_WARN_UNUSED_FUNCTION = YES;
				GCC_WARN_UNUSED_VARIABLE = YES;
				IPHONEOS_DEPLOYMENT_TARGET = 11.1;
				MTL_ENABLE_DEBUG_INFO = NO;
				SDKROOT = iphoneos;
				SWIFT_OPTIMIZATION_LEVEL = "-Owholemodule";
				VALIDATE_PRODUCT = YES;
			};
			name = Release;
		};
		DE801EDE1FCED8B3008FBB98 /* Debug */ = {
			isa = XCBuildConfiguration;
			buildSettings = {
				ASSETCATALOG_COMPILER_APPICON_NAME = AppIcon;
				CODE_SIGN_STYLE = Automatic;
				DEVELOPMENT_TEAM = 454G2VG97B;
				INFOPLIST_FILE = "Course Finder/Info.plist";
				LD_RUNPATH_SEARCH_PATHS = "$(inherited) @executable_path/Frameworks";
				PRODUCT_BUNDLE_IDENTIFIER = "bespokino.com.Course-Finder";
				PRODUCT_NAME = "$(TARGET_NAME)";
				SWIFT_VERSION = 4.0;
				TARGETED_DEVICE_FAMILY = "1,2";
			};
			name = Debug;
		};
		DE801EDF1FCED8B3008FBB98 /* Release */ = {
			isa = XCBuildConfiguration;
			buildSettings = {
				ASSETCATALOG_COMPILER_APPICON_NAME = AppIcon;
				CODE_SIGN_STYLE = Automatic;
				DEVELOPMENT_TEAM = 454G2VG97B;
				INFOPLIST_FILE = "Course Finder/Info.plist";
				LD_RUNPATH_SEARCH_PATHS = "$(inherited) @executable_path/Frameworks";
				PRODUCT_BUNDLE_IDENTIFIER = "bespokino.com.Course-Finder";
				PRODUCT_NAME = "$(TARGET_NAME)";
				SWIFT_VERSION = 4.0;
				TARGETED_DEVICE_FAMILY = "1,2";
			};
			name = Release;
		};
/* End XCBuildConfiguration section */

/* Begin XCConfigurationList section */
		DE801EC61FCED8B3008FBB98 /* Build configuration list for PBXProject "Course Finder" */ = {
			isa = XCConfigurationList;
			buildConfigurations = (
				DE801EDB1FCED8B3008FBB98 /* Debug */,
				DE801EDC1FCED8B3008FBB98 /* Release */,
			);
			defaultConfigurationIsVisible = 0;
			defaultConfigurationName = Release;
		};
		DE801EDD1FCED8B3008FBB98 /* Build configuration list for PBXNativeTarget "Course Finder" */ = {
			isa = XCConfigurationList;
			buildConfigurations = (
				DE801EDE1FCED8B3008FBB98 /* Debug */,
				DE801EDF1FCED8B3008FBB98 /* Release */,
			);
			defaultConfigurationIsVisible = 0;
			defaultConfigurationName = Release;
		};
/* End XCConfigurationList section */
	};
	rootObject = DE801EC31FCED8B3008FBB98 /* Project object */;
}
